
Microsoft Visual Studio Solution File, Format Version 12.00
# Visual Studio Version 17
VisualStudioVersion = 17.2.32630.192
MinimumVisualStudioVersion = 10.0.40219.1
Project("{FAE04EC0-301F-11D3-BF4B-00C04F79EFBC}") = "ASP.NETCoreWebAP", "ASP.NETCoreWebAP.csproj", "{B3B17137-6FB9-49D7-BAB4-93B2232330A2}"
EndProject
Global
	GlobalSection(SolutionConfigurationPlatforms) = preSolution
		Debug|Any CPU = Debug|Any CPU
		Release|Any CPU = Release|Any CPU
	EndGlobalSection
	GlobalSection(ProjectConfigurationPlatforms) = postSolution
		{B3B17137-6FB9-49D7-BAB4-93B2232330A2}.Debug|Any CPU.ActiveCfg = Debug|Any CPU
		{B3B17137-6FB9-49D7-BAB4-93B2232330A2}.Debug|Any CPU.Build.0 = Debug|Any CPU
		{B3B17137-6FB9-49D7-BAB4-93B2232330A2}.Release|Any CPU.ActiveCfg = Release|Any CPU
		{B3B17137-6FB9-49D7-BAB4-93B2232330A2}.Release|Any CPU.Build.0 = Release|Any CPU
	EndGlobalSection
	GlobalSection(SolutionProperties) = preSolution
		HideSolutionNode = FALSE
	EndGlobalSection
	GlobalSection(ExtensibilityGlobals) = postSolution
		SolutionGuid = {2D1E74FB-055D-4F90-8D1D-B6CE8EA58FA0}
	EndGlobalSection
EndGlobal
